
Microsoft Visual Studio Solution File, Format Version 12.00
# Visual Studio Version 16
VisualStudioVersion = 16.0.30204.135
MinimumVisualStudioVersion = 10.0.40219.1
Project("{9A19103F-16F7-4668-BE54-9A1E7A4F7556}") = "Assignment", "Assignment\Assignment.csproj", "{FD637102-B366-42D5-8FB5-FBD749A07C1A}"
EndProject
Project("{FAE04EC0-301F-11D3-BF4B-00C04F79EFBC}") = "TestAssignment.UnitTests", "TestAssignment.UnitTests\TestAssignment.UnitTests.csproj", "{19259D6F-6F5F-4643-BDEC-D4B61701D21E}"
EndProject
Global
	GlobalSection(SolutionConfigurationPlatforms) = preSolution
		Debug|Any CPU = Debug|Any CPU
		Release|Any CPU = Release|Any CPU
	EndGlobalSection
	GlobalSection(ProjectConfigurationPlatforms) = postSolution
		{FD637102-B366-42D5-8FB5-FBD749A07C1A}.Debug|Any CPU.ActiveCfg = Debug|Any CPU
		{FD637102-B366-42D5-8FB5-FBD749A07C1A}.Debug|Any CPU.Build.0 = Debug|Any CPU
		{FD637102-B366-42D5-8FB5-FBD749A07C1A}.Release|Any CPU.ActiveCfg = Release|Any CPU
		{FD637102-B366-42D5-8FB5-FBD749A07C1A}.Release|Any CPU.Build.0 = Release|Any CPU
		{19259D6F-6F5F-4643-BDEC-D4B61701D21E}.Debug|Any CPU.ActiveCfg = Debug|Any CPU
		{19259D6F-6F5F-4643-BDEC-D4B61701D21E}.Debug|Any CPU.Build.0 = Debug|Any CPU
		{19259D6F-6F5F-4643-BDEC-D4B61701D21E}.Release|Any CPU.ActiveCfg = Release|Any CPU
		{19259D6F-6F5F-4643-BDEC-D4B61701D21E}.Release|Any CPU.Build.0 = Release|Any CPU
	EndGlobalSection
	GlobalSection(SolutionProperties) = preSolution
		HideSolutionNode = FALSE
	EndGlobalSection
	GlobalSection(ExtensibilityGlobals) = postSolution
		SolutionGuid = {05301BA6-688D-40BC-88E2-925F75E27A0E}
	EndGlobalSection
EndGlobal
